
Microsoft Visual Studio Solution File, Format Version 12.00
# Visual Studio Version 17
VisualStudioVersion = 17.4.33213.308
MinimumVisualStudioVersion = 10.0.40219.1
Project("{E53339B2-1760-4266-BCC7-CA923CBCF16C}") = "docker-compose", "docker-compose.dcproj", "{6308A0E2-FB3D-47EE-97E9-8C857809FB72}"
EndProject
Project("{2150E333-8FDC-42A3-9474-1A3956D46DE8}") = "nginx", "nginx", "{46F24FCC-5926-4D85-B2D6-042A033369B9}"
	ProjectSection(SolutionItems) = preProject
		nginx\dhparam = nginx\dhparam
		nginx\Dockerfile = nginx\Dockerfile
	EndProjectSection
EndProject
Project("{2150E333-8FDC-42A3-9474-1A3956D46DE8}") = "config.d", "config.d", "{296A288F-EFC4-470B-8357-23E4E2744677}"
	ProjectSection(SolutionItems) = preProject
		nginx\config.d\nginx.conf = nginx\config.d\nginx.conf
	EndProjectSection
EndProject
Project("{9A19103F-16F7-4668-BE54-9A1E7A4F7556}") = "CppLauncherService", "CppLauncherService\CppLauncherService.csproj", "{97095151-0159-4DCB-BC04-F0F08DA7CD0D}"
EndProject
Project("{9A19103F-16F7-4668-BE54-9A1E7A4F7556}") = "TaskService", "TaskService\TaskService.csproj", "{AAC47226-5086-465C-95BC-E2669B268D83}"
EndProject
Project("{FAE04EC0-301F-11D3-BF4B-00C04F79EFBC}") = "Shared", "Shared\Shared.csproj", "{7F0D021F-7DE5-44A5-9B87-FB69BF6FCF92}"
EndProject
Project("{2150E333-8FDC-42A3-9474-1A3956D46DE8}") = "Tests", "Tests", "{C817C1D8-1209-4185-837E-B49E349BB59E}"
EndProject
Project("{FAE04EC0-301F-11D3-BF4B-00C04F79EFBC}") = "SolutionService", "SolutionService\SolutionService.csproj", "{121AAC7B-C0AB-4717-9669-CAD36C5E45D3}"
EndProject
Project("{FAE04EC0-301F-11D3-BF4B-00C04F79EFBC}") = "JudgeService", "JudgeService\JudgeService.csproj", "{4653BE4C-1807-4447-A9C4-8DA3AEF9E972}"
EndProject
Project("{FAE04EC0-301F-11D3-BF4B-00C04F79EFBC}") = "CppLauncherServiceTests", "Tests\CppLauncherServiceTests\CppLauncherServiceTests.csproj", "{EFC64247-9878-4547-B54F-BBF4A9CBDF69}"
EndProject
Project("{2150E333-8FDC-42A3-9474-1A3956D46DE8}") = "ApiGateway", "ApiGateway", "{CB27A2CC-DF7D-4F40-AADD-0D17A8F6CCDD}"
EndProject
Project("{FAE04EC0-301F-11D3-BF4B-00C04F79EFBC}") = "ApiGateway.Service", "ApiGateway\ApiGateway.Service\ApiGateway.Service.csproj", "{ED45FB5C-C0B5-4F39-BD8D-38FE55424DCE}"
EndProject
Project("{FAE04EC0-301F-11D3-BF4B-00C04F79EFBC}") = "ApiGateway.Tests.End2End", "ApiGateway\ApiGateway.Tests.End2End\ApiGateway.Tests.End2End.csproj", "{A022F486-E701-4060-BC5D-D950415C6DA5}"
EndProject
Project("{2150E333-8FDC-42A3-9474-1A3956D46DE8}") = "AuthService", "AuthService", "{5F7B7568-69A6-490F-8428-36F651B119CB}"
EndProject
Project("{FAE04EC0-301F-11D3-BF4B-00C04F79EFBC}") = "AuthService.Service", "AuthService\AuthService.Service\AuthService.Service.csproj", "{6F21B559-5A58-4C0D-A32D-643A172E2440}"
EndProject
Project("{FAE04EC0-301F-11D3-BF4B-00C04F79EFBC}") = "AuthService.Tests", "AuthService\AuthService.Tests\AuthService.Tests.csproj", "{A1400983-45A8-4431-9D80-17818B18F510}"
EndProject
Global
	GlobalSection(SolutionConfigurationPlatforms) = preSolution
		Debug|Any CPU = Debug|Any CPU
		Release|Any CPU = Release|Any CPU
	EndGlobalSection
	GlobalSection(ProjectConfigurationPlatforms) = postSolution
		{6308A0E2-FB3D-47EE-97E9-8C857809FB72}.Debug|Any CPU.ActiveCfg = Debug|Any CPU
		{6308A0E2-FB3D-47EE-97E9-8C857809FB72}.Debug|Any CPU.Build.0 = Debug|Any CPU
		{6308A0E2-FB3D-47EE-97E9-8C857809FB72}.Release|Any CPU.ActiveCfg = Release|Any CPU
		{6308A0E2-FB3D-47EE-97E9-8C857809FB72}.Release|Any CPU.Build.0 = Release|Any CPU
		{97095151-0159-4DCB-BC04-F0F08DA7CD0D}.Debug|Any CPU.ActiveCfg = Debug|Any CPU
		{97095151-0159-4DCB-BC04-F0F08DA7CD0D}.Debug|Any CPU.Build.0 = Debug|Any CPU
		{97095151-0159-4DCB-BC04-F0F08DA7CD0D}.Release|Any CPU.ActiveCfg = Release|Any CPU
		{97095151-0159-4DCB-BC04-F0F08DA7CD0D}.Release|Any CPU.Build.0 = Release|Any CPU
		{AAC47226-5086-465C-95BC-E2669B268D83}.Debug|Any CPU.ActiveCfg = Debug|Any CPU
		{AAC47226-5086-465C-95BC-E2669B268D83}.Debug|Any CPU.Build.0 = Debug|Any CPU
		{AAC47226-5086-465C-95BC-E2669B268D83}.Release|Any CPU.ActiveCfg = Release|Any CPU
		{AAC47226-5086-465C-95BC-E2669B268D83}.Release|Any CPU.Build.0 = Release|Any CPU
		{7F0D021F-7DE5-44A5-9B87-FB69BF6FCF92}.Debug|Any CPU.ActiveCfg = Debug|Any CPU
		{7F0D021F-7DE5-44A5-9B87-FB69BF6FCF92}.Debug|Any CPU.Build.0 = Debug|Any CPU
		{7F0D021F-7DE5-44A5-9B87-FB69BF6FCF92}.Release|Any CPU.ActiveCfg = Release|Any CPU
		{7F0D021F-7DE5-44A5-9B87-FB69BF6FCF92}.Release|Any CPU.Build.0 = Release|Any CPU
		{121AAC7B-C0AB-4717-9669-CAD36C5E45D3}.Debug|Any CPU.ActiveCfg = Debug|Any CPU
		{121AAC7B-C0AB-4717-9669-CAD36C5E45D3}.Debug|Any CPU.Build.0 = Debug|Any CPU
		{121AAC7B-C0AB-4717-9669-CAD36C5E45D3}.Release|Any CPU.ActiveCfg = Release|Any CPU
		{121AAC7B-C0AB-4717-9669-CAD36C5E45D3}.Release|Any CPU.Build.0 = Release|Any CPU
		{4653BE4C-1807-4447-A9C4-8DA3AEF9E972}.Debug|Any CPU.ActiveCfg = Debug|Any CPU
		{4653BE4C-1807-4447-A9C4-8DA3AEF9E972}.Debug|Any CPU.Build.0 = Debug|Any CPU
		{4653BE4C-1807-4447-A9C4-8DA3AEF9E972}.Release|Any CPU.ActiveCfg = Release|Any CPU
		{4653BE4C-1807-4447-A9C4-8DA3AEF9E972}.Release|Any CPU.Build.0 = Release|Any CPU
		{EFC64247-9878-4547-B54F-BBF4A9CBDF69}.Debug|Any CPU.ActiveCfg = Debug|Any CPU
		{EFC64247-9878-4547-B54F-BBF4A9CBDF69}.Debug|Any CPU.Build.0 = Debug|Any CPU
		{EFC64247-9878-4547-B54F-BBF4A9CBDF69}.Release|Any CPU.ActiveCfg = Release|Any CPU
		{EFC64247-9878-4547-B54F-BBF4A9CBDF69}.Release|Any CPU.Build.0 = Release|Any CPU
		{ED45FB5C-C0B5-4F39-BD8D-38FE55424DCE}.Debug|Any CPU.ActiveCfg = Debug|Any CPU
		{ED45FB5C-C0B5-4F39-BD8D-38FE55424DCE}.Debug|Any CPU.Build.0 = Debug|Any CPU
		{ED45FB5C-C0B5-4F39-BD8D-38FE55424DCE}.Release|Any CPU.ActiveCfg = Release|Any CPU
		{ED45FB5C-C0B5-4F39-BD8D-38FE55424DCE}.Release|Any CPU.Build.0 = Release|Any CPU
		{A022F486-E701-4060-BC5D-D950415C6DA5}.Debug|Any CPU.ActiveCfg = Debug|Any CPU
		{A022F486-E701-4060-BC5D-D950415C6DA5}.Debug|Any CPU.Build.0 = Debug|Any CPU
		{A022F486-E701-4060-BC5D-D950415C6DA5}.Release|Any CPU.ActiveCfg = Release|Any CPU
		{A022F486-E701-4060-BC5D-D950415C6DA5}.Release|Any CPU.Build.0 = Release|Any CPU
		{6F21B559-5A58-4C0D-A32D-643A172E2440}.Debug|Any CPU.ActiveCfg = Debug|Any CPU
		{6F21B559-5A58-4C0D-A32D-643A172E2440}.Debug|Any CPU.Build.0 = Debug|Any CPU
		{6F21B559-5A58-4C0D-A32D-643A172E2440}.Release|Any CPU.ActiveCfg = Release|Any CPU
		{6F21B559-5A58-4C0D-A32D-643A172E2440}.Release|Any CPU.Build.0 = Release|Any CPU
		{A1400983-45A8-4431-9D80-17818B18F510}.Debug|Any CPU.ActiveCfg = Debug|Any CPU
		{A1400983-45A8-4431-9D80-17818B18F510}.Debug|Any CPU.Build.0 = Debug|Any CPU
		{A1400983-45A8-4431-9D80-17818B18F510}.Release|Any CPU.ActiveCfg = Release|Any CPU
		{A1400983-45A8-4431-9D80-17818B18F510}.Release|Any CPU.Build.0 = Release|Any CPU
	EndGlobalSection
	GlobalSection(SolutionProperties) = preSolution
		HideSolutionNode = FALSE
	EndGlobalSection
	GlobalSection(NestedProjects) = preSolution
		{296A288F-EFC4-470B-8357-23E4E2744677} = {46F24FCC-5926-4D85-B2D6-042A033369B9}
		{EFC64247-9878-4547-B54F-BBF4A9CBDF69} = {C817C1D8-1209-4185-837E-B49E349BB59E}
		{ED45FB5C-C0B5-4F39-BD8D-38FE55424DCE} = {CB27A2CC-DF7D-4F40-AADD-0D17A8F6CCDD}
		{A022F486-E701-4060-BC5D-D950415C6DA5} = {CB27A2CC-DF7D-4F40-AADD-0D17A8F6CCDD}
		{6F21B559-5A58-4C0D-A32D-643A172E2440} = {5F7B7568-69A6-490F-8428-36F651B119CB}
		{A1400983-45A8-4431-9D80-17818B18F510} = {5F7B7568-69A6-490F-8428-36F651B119CB}
	EndGlobalSection
	GlobalSection(ExtensibilityGlobals) = postSolution
		SolutionGuid = {96D7A6BD-63EB-4D5D-B854-E2888AF5B7B8}
	EndGlobalSection
EndGlobal
