
Microsoft Visual Studio Solution File, Format Version 11.00
# Visual Studio 2010
Project("{FAE04EC0-301F-11D3-BF4B-00C04F79EFBC}") = "CodeEditor", "CodeEditor.csproj", "{d1cf17d6-991f-68da-7bf6-0a3e0bdd3bb4}"
EndProject
Project("{FAE04EC0-301F-11D3-BF4B-00C04F79EFBC}") = "UniRx", "UniRx.csproj", "{f597eab2-3734-83c3-5650-c46a7598ae6f}"
EndProject
Project("{FAE04EC0-301F-11D3-BF4B-00C04F79EFBC}") = "Extensions", "Extensions.csproj", "{d4fe176c-b024-6506-68eb-266fd4cf62a0}"
EndProject
Project("{FAE04EC0-301F-11D3-BF4B-00C04F79EFBC}") = "ServerEnvironment", "ServerEnvironment.csproj", "{661eadfe-bb5a-369b-5950-092ff065d5de}"
EndProject
Project("{FAE04EC0-301F-11D3-BF4B-00C04F79EFBC}") = "InGameCodeEditor", "InGameCodeEditor.csproj", "{26ddbbde-220f-1651-7dfa-8a612e2a1ab0}"
EndProject
Project("{FAE04EC0-301F-11D3-BF4B-00C04F79EFBC}") = "TaskUnits", "TaskUnits.csproj", "{762d043c-4093-9090-c16d-237262dee657}"
EndProject
Project("{FAE04EC0-301F-11D3-BF4B-00C04F79EFBC}") = "ModalDialogs", "ModalDialogs.csproj", "{07472f5c-c4ec-5adc-6cc5-22b08ba3c3d5}"
EndProject
Project("{FAE04EC0-301F-11D3-BF4B-00C04F79EFBC}") = "3rdPartyAdapters", "3rdPartyAdapters.csproj", "{8a654689-45eb-bdb7-87f3-61963c6e751b}"
EndProject
Project("{FAE04EC0-301F-11D3-BF4B-00C04F79EFBC}") = "Utils", "Utils.csproj", "{e1f7457c-a38b-86e9-f952-014d95d2c939}"
EndProject
Project("{FAE04EC0-301F-11D3-BF4B-00C04F79EFBC}") = "Assembly-CSharp", "Assembly-CSharp.csproj", "{f56b12d0-0a1b-15af-2a02-d744d5eac74f}"
EndProject
Project("{FAE04EC0-301F-11D3-BF4B-00C04F79EFBC}") = "EasyLogView", "EasyLogView.csproj", "{329b010e-9d7d-0f08-39f2-02c71857a8b8}"
EndProject
Project("{FAE04EC0-301F-11D3-BF4B-00C04F79EFBC}") = "GameVisionMode", "GameVisionMode.csproj", "{64d6824b-d699-59f6-74b9-196cb5c74002}"
EndProject
Project("{FAE04EC0-301F-11D3-BF4B-00C04F79EFBC}") = "ModalWindows", "ModalWindows.csproj", "{a7cb37b1-2733-460d-9f8b-a1d51e6f81f9}"
EndProject
Project("{FAE04EC0-301F-11D3-BF4B-00C04F79EFBC}") = "SnapshotShaders", "SnapshotShaders.csproj", "{e026edf5-aff2-1db6-2222-3ba8f6388586}"
EndProject
Project("{FAE04EC0-301F-11D3-BF4B-00C04F79EFBC}") = "TextMeshPro_TextShared", "TextMeshPro_TextShared.csproj", "{e4975353-ebc6-c6e9-bbf7-f2da4ac56dd1}"
EndProject
Project("{FAE04EC0-301F-11D3-BF4B-00C04F79EFBC}") = "ConfigurationUI", "ConfigurationUI.csproj", "{d36ae8d3-7348-c98b-aad0-f53fa4a49a39}"
EndProject
Project("{FAE04EC0-301F-11D3-BF4B-00C04F79EFBC}") = "Auhtorization", "Auhtorization.csproj", "{d069cff8-2426-87c4-c842-d64e5f331ccb}"
EndProject
Project("{FAE04EC0-301F-11D3-BF4B-00C04F79EFBC}") = "TaskData", "TaskData.csproj", "{df8da9a4-9504-a6a8-42cc-1dfb44207b81}"
EndProject
Project("{FAE04EC0-301F-11D3-BF4B-00C04F79EFBC}") = "Views", "Views.csproj", "{1b92dcb0-7b03-6c14-fb73-ffeb231e5fc5}"
EndProject
Project("{FAE04EC0-301F-11D3-BF4B-00C04F79EFBC}") = "MainMenu", "MainMenu.csproj", "{b0e6150b-ea7e-6f2f-ef09-ae1083d5b96e}"
EndProject
Project("{FAE04EC0-301F-11D3-BF4B-00C04F79EFBC}") = "UI", "UI.csproj", "{adadb293-7554-b225-fe62-5e54895ef068}"
EndProject
Project("{FAE04EC0-301F-11D3-BF4B-00C04F79EFBC}") = "Player", "Player.csproj", "{8d0ba574-2538-cac9-4cba-e8547fa9e9f5}"
EndProject
Project("{FAE04EC0-301F-11D3-BF4B-00C04F79EFBC}") = "Models", "Models.csproj", "{e464f46e-b669-9737-c2b3-77b5a1450782}"
EndProject
Project("{FAE04EC0-301F-11D3-BF4B-00C04F79EFBC}") = "Editor", "Editor.csproj", "{32d62da2-a3ec-765f-6dcd-a803d92159e2}"
EndProject
Project("{FAE04EC0-301F-11D3-BF4B-00C04F79EFBC}") = "UniRx.Examples", "UniRx.Examples.csproj", "{30b03726-0988-43c8-32a6-89e6e9d2713c}"
EndProject
Project("{FAE04EC0-301F-11D3-BF4B-00C04F79EFBC}") = "Assembly-CSharp-Editor", "Assembly-CSharp-Editor.csproj", "{f7b27796-3b7f-a3e8-3cce-40998ddb53a3}"
EndProject
Project("{FAE04EC0-301F-11D3-BF4B-00C04F79EFBC}") = "ServerAPI.Editor", "ServerAPI.Editor.csproj", "{c45781e8-11bc-c2e2-70c1-ebda68290502}"
EndProject
Global
	GlobalSection(SolutionConfigurationPlatforms) = preSolution
		Debug|Any CPU = Debug|Any CPU
		Release|Any CPU = Release|Any CPU
	EndGlobalSection
	GlobalSection(ProjectConfigurationPlatforms) = postSolution
		{d1cf17d6-991f-68da-7bf6-0a3e0bdd3bb4}.Debug|Any CPU.ActiveCfg = Debug|Any CPU
		{d1cf17d6-991f-68da-7bf6-0a3e0bdd3bb4}.Debug|Any CPU.Build.0 = Debug|Any CPU
		{d1cf17d6-991f-68da-7bf6-0a3e0bdd3bb4}.Release|Any CPU.ActiveCfg = Release|Any CPU
		{d1cf17d6-991f-68da-7bf6-0a3e0bdd3bb4}.Release|Any CPU.Build.0 = Release|Any CPU
		{f597eab2-3734-83c3-5650-c46a7598ae6f}.Debug|Any CPU.ActiveCfg = Debug|Any CPU
		{f597eab2-3734-83c3-5650-c46a7598ae6f}.Debug|Any CPU.Build.0 = Debug|Any CPU
		{f597eab2-3734-83c3-5650-c46a7598ae6f}.Release|Any CPU.ActiveCfg = Release|Any CPU
		{f597eab2-3734-83c3-5650-c46a7598ae6f}.Release|Any CPU.Build.0 = Release|Any CPU
		{d4fe176c-b024-6506-68eb-266fd4cf62a0}.Debug|Any CPU.ActiveCfg = Debug|Any CPU
		{d4fe176c-b024-6506-68eb-266fd4cf62a0}.Debug|Any CPU.Build.0 = Debug|Any CPU
		{d4fe176c-b024-6506-68eb-266fd4cf62a0}.Release|Any CPU.ActiveCfg = Release|Any CPU
		{d4fe176c-b024-6506-68eb-266fd4cf62a0}.Release|Any CPU.Build.0 = Release|Any CPU
		{661eadfe-bb5a-369b-5950-092ff065d5de}.Debug|Any CPU.ActiveCfg = Debug|Any CPU
		{661eadfe-bb5a-369b-5950-092ff065d5de}.Debug|Any CPU.Build.0 = Debug|Any CPU
		{661eadfe-bb5a-369b-5950-092ff065d5de}.Release|Any CPU.ActiveCfg = Release|Any CPU
		{661eadfe-bb5a-369b-5950-092ff065d5de}.Release|Any CPU.Build.0 = Release|Any CPU
		{26ddbbde-220f-1651-7dfa-8a612e2a1ab0}.Debug|Any CPU.ActiveCfg = Debug|Any CPU
		{26ddbbde-220f-1651-7dfa-8a612e2a1ab0}.Debug|Any CPU.Build.0 = Debug|Any CPU
		{26ddbbde-220f-1651-7dfa-8a612e2a1ab0}.Release|Any CPU.ActiveCfg = Release|Any CPU
		{26ddbbde-220f-1651-7dfa-8a612e2a1ab0}.Release|Any CPU.Build.0 = Release|Any CPU
		{762d043c-4093-9090-c16d-237262dee657}.Debug|Any CPU.ActiveCfg = Debug|Any CPU
		{762d043c-4093-9090-c16d-237262dee657}.Debug|Any CPU.Build.0 = Debug|Any CPU
		{762d043c-4093-9090-c16d-237262dee657}.Release|Any CPU.ActiveCfg = Release|Any CPU
		{762d043c-4093-9090-c16d-237262dee657}.Release|Any CPU.Build.0 = Release|Any CPU
		{07472f5c-c4ec-5adc-6cc5-22b08ba3c3d5}.Debug|Any CPU.ActiveCfg = Debug|Any CPU
		{07472f5c-c4ec-5adc-6cc5-22b08ba3c3d5}.Debug|Any CPU.Build.0 = Debug|Any CPU
		{07472f5c-c4ec-5adc-6cc5-22b08ba3c3d5}.Release|Any CPU.ActiveCfg = Release|Any CPU
		{07472f5c-c4ec-5adc-6cc5-22b08ba3c3d5}.Release|Any CPU.Build.0 = Release|Any CPU
		{8a654689-45eb-bdb7-87f3-61963c6e751b}.Debug|Any CPU.ActiveCfg = Debug|Any CPU
		{8a654689-45eb-bdb7-87f3-61963c6e751b}.Debug|Any CPU.Build.0 = Debug|Any CPU
		{8a654689-45eb-bdb7-87f3-61963c6e751b}.Release|Any CPU.ActiveCfg = Release|Any CPU
		{8a654689-45eb-bdb7-87f3-61963c6e751b}.Release|Any CPU.Build.0 = Release|Any CPU
		{e1f7457c-a38b-86e9-f952-014d95d2c939}.Debug|Any CPU.ActiveCfg = Debug|Any CPU
		{e1f7457c-a38b-86e9-f952-014d95d2c939}.Debug|Any CPU.Build.0 = Debug|Any CPU
		{e1f7457c-a38b-86e9-f952-014d95d2c939}.Release|Any CPU.ActiveCfg = Release|Any CPU
		{e1f7457c-a38b-86e9-f952-014d95d2c939}.Release|Any CPU.Build.0 = Release|Any CPU
		{f56b12d0-0a1b-15af-2a02-d744d5eac74f}.Debug|Any CPU.ActiveCfg = Debug|Any CPU
		{f56b12d0-0a1b-15af-2a02-d744d5eac74f}.Debug|Any CPU.Build.0 = Debug|Any CPU
		{f56b12d0-0a1b-15af-2a02-d744d5eac74f}.Release|Any CPU.ActiveCfg = Release|Any CPU
		{f56b12d0-0a1b-15af-2a02-d744d5eac74f}.Release|Any CPU.Build.0 = Release|Any CPU
		{329b010e-9d7d-0f08-39f2-02c71857a8b8}.Debug|Any CPU.ActiveCfg = Debug|Any CPU
		{329b010e-9d7d-0f08-39f2-02c71857a8b8}.Debug|Any CPU.Build.0 = Debug|Any CPU
		{329b010e-9d7d-0f08-39f2-02c71857a8b8}.Release|Any CPU.ActiveCfg = Release|Any CPU
		{329b010e-9d7d-0f08-39f2-02c71857a8b8}.Release|Any CPU.Build.0 = Release|Any CPU
		{64d6824b-d699-59f6-74b9-196cb5c74002}.Debug|Any CPU.ActiveCfg = Debug|Any CPU
		{64d6824b-d699-59f6-74b9-196cb5c74002}.Debug|Any CPU.Build.0 = Debug|Any CPU
		{64d6824b-d699-59f6-74b9-196cb5c74002}.Release|Any CPU.ActiveCfg = Release|Any CPU
		{64d6824b-d699-59f6-74b9-196cb5c74002}.Release|Any CPU.Build.0 = Release|Any CPU
		{a7cb37b1-2733-460d-9f8b-a1d51e6f81f9}.Debug|Any CPU.ActiveCfg = Debug|Any CPU
		{a7cb37b1-2733-460d-9f8b-a1d51e6f81f9}.Debug|Any CPU.Build.0 = Debug|Any CPU
		{a7cb37b1-2733-460d-9f8b-a1d51e6f81f9}.Release|Any CPU.ActiveCfg = Release|Any CPU
		{a7cb37b1-2733-460d-9f8b-a1d51e6f81f9}.Release|Any CPU.Build.0 = Release|Any CPU
		{e026edf5-aff2-1db6-2222-3ba8f6388586}.Debug|Any CPU.ActiveCfg = Debug|Any CPU
		{e026edf5-aff2-1db6-2222-3ba8f6388586}.Debug|Any CPU.Build.0 = Debug|Any CPU
		{e026edf5-aff2-1db6-2222-3ba8f6388586}.Release|Any CPU.ActiveCfg = Release|Any CPU
		{e026edf5-aff2-1db6-2222-3ba8f6388586}.Release|Any CPU.Build.0 = Release|Any CPU
		{e4975353-ebc6-c6e9-bbf7-f2da4ac56dd1}.Debug|Any CPU.ActiveCfg = Debug|Any CPU
		{e4975353-ebc6-c6e9-bbf7-f2da4ac56dd1}.Debug|Any CPU.Build.0 = Debug|Any CPU
		{e4975353-ebc6-c6e9-bbf7-f2da4ac56dd1}.Release|Any CPU.ActiveCfg = Release|Any CPU
		{e4975353-ebc6-c6e9-bbf7-f2da4ac56dd1}.Release|Any CPU.Build.0 = Release|Any CPU
		{d36ae8d3-7348-c98b-aad0-f53fa4a49a39}.Debug|Any CPU.ActiveCfg = Debug|Any CPU
		{d36ae8d3-7348-c98b-aad0-f53fa4a49a39}.Debug|Any CPU.Build.0 = Debug|Any CPU
		{d36ae8d3-7348-c98b-aad0-f53fa4a49a39}.Release|Any CPU.ActiveCfg = Release|Any CPU
		{d36ae8d3-7348-c98b-aad0-f53fa4a49a39}.Release|Any CPU.Build.0 = Release|Any CPU
		{d069cff8-2426-87c4-c842-d64e5f331ccb}.Debug|Any CPU.ActiveCfg = Debug|Any CPU
		{d069cff8-2426-87c4-c842-d64e5f331ccb}.Debug|Any CPU.Build.0 = Debug|Any CPU
		{d069cff8-2426-87c4-c842-d64e5f331ccb}.Release|Any CPU.ActiveCfg = Release|Any CPU
		{d069cff8-2426-87c4-c842-d64e5f331ccb}.Release|Any CPU.Build.0 = Release|Any CPU
		{df8da9a4-9504-a6a8-42cc-1dfb44207b81}.Debug|Any CPU.ActiveCfg = Debug|Any CPU
		{df8da9a4-9504-a6a8-42cc-1dfb44207b81}.Debug|Any CPU.Build.0 = Debug|Any CPU
		{df8da9a4-9504-a6a8-42cc-1dfb44207b81}.Release|Any CPU.ActiveCfg = Release|Any CPU
		{df8da9a4-9504-a6a8-42cc-1dfb44207b81}.Release|Any CPU.Build.0 = Release|Any CPU
		{1b92dcb0-7b03-6c14-fb73-ffeb231e5fc5}.Debug|Any CPU.ActiveCfg = Debug|Any CPU
		{1b92dcb0-7b03-6c14-fb73-ffeb231e5fc5}.Debug|Any CPU.Build.0 = Debug|Any CPU
		{1b92dcb0-7b03-6c14-fb73-ffeb231e5fc5}.Release|Any CPU.ActiveCfg = Release|Any CPU
		{1b92dcb0-7b03-6c14-fb73-ffeb231e5fc5}.Release|Any CPU.Build.0 = Release|Any CPU
		{b0e6150b-ea7e-6f2f-ef09-ae1083d5b96e}.Debug|Any CPU.ActiveCfg = Debug|Any CPU
		{b0e6150b-ea7e-6f2f-ef09-ae1083d5b96e}.Debug|Any CPU.Build.0 = Debug|Any CPU
		{b0e6150b-ea7e-6f2f-ef09-ae1083d5b96e}.Release|Any CPU.ActiveCfg = Release|Any CPU
		{b0e6150b-ea7e-6f2f-ef09-ae1083d5b96e}.Release|Any CPU.Build.0 = Release|Any CPU
		{adadb293-7554-b225-fe62-5e54895ef068}.Debug|Any CPU.ActiveCfg = Debug|Any CPU
		{adadb293-7554-b225-fe62-5e54895ef068}.Debug|Any CPU.Build.0 = Debug|Any CPU
		{adadb293-7554-b225-fe62-5e54895ef068}.Release|Any CPU.ActiveCfg = Release|Any CPU
		{adadb293-7554-b225-fe62-5e54895ef068}.Release|Any CPU.Build.0 = Release|Any CPU
		{8d0ba574-2538-cac9-4cba-e8547fa9e9f5}.Debug|Any CPU.ActiveCfg = Debug|Any CPU
		{8d0ba574-2538-cac9-4cba-e8547fa9e9f5}.Debug|Any CPU.Build.0 = Debug|Any CPU
		{8d0ba574-2538-cac9-4cba-e8547fa9e9f5}.Release|Any CPU.ActiveCfg = Release|Any CPU
		{8d0ba574-2538-cac9-4cba-e8547fa9e9f5}.Release|Any CPU.Build.0 = Release|Any CPU
		{e464f46e-b669-9737-c2b3-77b5a1450782}.Debug|Any CPU.ActiveCfg = Debug|Any CPU
		{e464f46e-b669-9737-c2b3-77b5a1450782}.Debug|Any CPU.Build.0 = Debug|Any CPU
		{e464f46e-b669-9737-c2b3-77b5a1450782}.Release|Any CPU.ActiveCfg = Release|Any CPU
		{e464f46e-b669-9737-c2b3-77b5a1450782}.Release|Any CPU.Build.0 = Release|Any CPU
		{32d62da2-a3ec-765f-6dcd-a803d92159e2}.Debug|Any CPU.ActiveCfg = Debug|Any CPU
		{32d62da2-a3ec-765f-6dcd-a803d92159e2}.Debug|Any CPU.Build.0 = Debug|Any CPU
		{32d62da2-a3ec-765f-6dcd-a803d92159e2}.Release|Any CPU.ActiveCfg = Release|Any CPU
		{32d62da2-a3ec-765f-6dcd-a803d92159e2}.Release|Any CPU.Build.0 = Release|Any CPU
		{30b03726-0988-43c8-32a6-89e6e9d2713c}.Debug|Any CPU.ActiveCfg = Debug|Any CPU
		{30b03726-0988-43c8-32a6-89e6e9d2713c}.Debug|Any CPU.Build.0 = Debug|Any CPU
		{30b03726-0988-43c8-32a6-89e6e9d2713c}.Release|Any CPU.ActiveCfg = Release|Any CPU
		{30b03726-0988-43c8-32a6-89e6e9d2713c}.Release|Any CPU.Build.0 = Release|Any CPU
		{f7b27796-3b7f-a3e8-3cce-40998ddb53a3}.Debug|Any CPU.ActiveCfg = Debug|Any CPU
		{f7b27796-3b7f-a3e8-3cce-40998ddb53a3}.Debug|Any CPU.Build.0 = Debug|Any CPU
		{f7b27796-3b7f-a3e8-3cce-40998ddb53a3}.Release|Any CPU.ActiveCfg = Release|Any CPU
		{f7b27796-3b7f-a3e8-3cce-40998ddb53a3}.Release|Any CPU.Build.0 = Release|Any CPU
		{c45781e8-11bc-c2e2-70c1-ebda68290502}.Debug|Any CPU.ActiveCfg = Debug|Any CPU
		{c45781e8-11bc-c2e2-70c1-ebda68290502}.Debug|Any CPU.Build.0 = Debug|Any CPU
		{c45781e8-11bc-c2e2-70c1-ebda68290502}.Release|Any CPU.ActiveCfg = Release|Any CPU
		{c45781e8-11bc-c2e2-70c1-ebda68290502}.Release|Any CPU.Build.0 = Release|Any CPU
	EndGlobalSection
	GlobalSection(SolutionProperties) = preSolution
		HideSolutionNode = FALSE
	EndGlobalSection
EndGlobal
